
Microsoft Visual Studio Solution File, Format Version 12.00
# Visual Studio Version 17
VisualStudioVersion = 17.8.34322.80
MinimumVisualStudioVersion = 10.0.40219.1
Project("{FAE04EC0-301F-11D3-BF4B-00C04F79EFBC}") = "pererobka5", "pererobka5\pererobka5.csproj", "{BA4B7534-E729-4A91-8D73-45DEE83BF425}"
EndProject
Project("{2150E333-8FDC-42A3-9474-1A3956D46DE8}") = "Solution Items", "Solution Items", "{7D2F5B92-0439-44B9-929A-CEFC9655F74B}"
EndProject
Global
	GlobalSection(SolutionConfigurationPlatforms) = preSolution
		Debug|Any CPU = Debug|Any CPU
		Release|Any CPU = Release|Any CPU
	EndGlobalSection
	GlobalSection(ProjectConfigurationPlatforms) = postSolution
		{BA4B7534-E729-4A91-8D73-45DEE83BF425}.Debug|Any CPU.ActiveCfg = Debug|Any CPU
		{BA4B7534-E729-4A91-8D73-45DEE83BF425}.Debug|Any CPU.Build.0 = Debug|Any CPU
		{BA4B7534-E729-4A91-8D73-45DEE83BF425}.Release|Any CPU.ActiveCfg = Release|Any CPU
		{BA4B7534-E729-4A91-8D73-45DEE83BF425}.Release|Any CPU.Build.0 = Release|Any CPU
	EndGlobalSection
	GlobalSection(SolutionProperties) = preSolution
		HideSolutionNode = FALSE
	EndGlobalSection
	GlobalSection(ExtensibilityGlobals) = postSolution
		SolutionGuid = {763F4B18-C8FB-4C96-95FC-D3A90F9EEABD}
	EndGlobalSection
EndGlobal
